
Microsoft Visual Studio Solution File, Format Version 12.00
# Visual Studio 2015
Project("{FAE04EC0-301F-11D3-BF4B-00C04F79EFBC}") = "apparences.Plugins", "apparences.Plugins.csproj", "{D1AF4324-4B6E-9F3B-3C6E-992F783FBF37}"
EndProject
Project("{FAE04EC0-301F-11D3-BF4B-00C04F79EFBC}") = "apparences", "apparences.csproj", "{858E762A-F93A-30A5-DE99-B744F76F9049}"
EndProject
Project("{FAE04EC0-301F-11D3-BF4B-00C04F79EFBC}") = "apparences.Editor.Plugins", "apparences.Editor.Plugins.csproj", "{34073193-F174-959B-E058-BC5E818C058B}"
EndProject
Global
	GlobalSection(SolutionConfigurationPlatforms) = preSolution
		Debug|Any CPU = Debug|Any CPU
		Release|Any CPU = Release|Any CPU
	EndGlobalSection
	GlobalSection(ProjectConfigurationPlatforms) = postSolution
		{D1AF4324-4B6E-9F3B-3C6E-992F783FBF37}.Debug|Any CPU.ActiveCfg = Debug|Any CPU
		{D1AF4324-4B6E-9F3B-3C6E-992F783FBF37}.Debug|Any CPU.Build.0 = Debug|Any CPU
		{D1AF4324-4B6E-9F3B-3C6E-992F783FBF37}.Release|Any CPU.ActiveCfg = Release|Any CPU
		{D1AF4324-4B6E-9F3B-3C6E-992F783FBF37}.Release|Any CPU.Build.0 = Release|Any CPU
		{858E762A-F93A-30A5-DE99-B744F76F9049}.Debug|Any CPU.ActiveCfg = Debug|Any CPU
		{858E762A-F93A-30A5-DE99-B744F76F9049}.Debug|Any CPU.Build.0 = Debug|Any CPU
		{858E762A-F93A-30A5-DE99-B744F76F9049}.Release|Any CPU.ActiveCfg = Release|Any CPU
		{858E762A-F93A-30A5-DE99-B744F76F9049}.Release|Any CPU.Build.0 = Release|Any CPU
		{34073193-F174-959B-E058-BC5E818C058B}.Debug|Any CPU.ActiveCfg = Debug|Any CPU
		{34073193-F174-959B-E058-BC5E818C058B}.Debug|Any CPU.Build.0 = Debug|Any CPU
		{34073193-F174-959B-E058-BC5E818C058B}.Release|Any CPU.ActiveCfg = Release|Any CPU
		{34073193-F174-959B-E058-BC5E818C058B}.Release|Any CPU.Build.0 = Release|Any CPU
	EndGlobalSection
	GlobalSection(SolutionProperties) = preSolution
		HideSolutionNode = FALSE
	EndGlobalSection
EndGlobal
