
Microsoft Visual Studio Solution File, Format Version 11.00
# Visual Studio 2010
Project("{FAE04EC0-301F-11D3-BF4B-00C04F79EFBC}") = "testRoom", "Assembly-CSharp-firstpass.csproj", "{107CB0CC-215C-FD71-8DF6-46B44BBCACB3}"
EndProject
Project("{FAE04EC0-301F-11D3-BF4B-00C04F79EFBC}") = "testRoom", "Assembly-CSharp.csproj", "{51B6FA74-6CA5-4E2E-534F-20A84AEF7BDA}"
EndProject
Project("{FAE04EC0-301F-11D3-BF4B-00C04F79EFBC}") = "testRoom", "Assembly-CSharp-Editor-firstpass.csproj", "{D8930DB3-97E0-43B3-2297-186DD38BB49E}"
EndProject
Global
	GlobalSection(SolutionConfigurationPlatforms) = preSolution
		Debug|Any CPU = Debug|Any CPU
		Release|Any CPU = Release|Any CPU
	EndGlobalSection
	GlobalSection(ProjectConfigurationPlatforms) = postSolution
		{107CB0CC-215C-FD71-8DF6-46B44BBCACB3}.Debug|Any CPU.ActiveCfg = Debug|Any CPU
		{107CB0CC-215C-FD71-8DF6-46B44BBCACB3}.Debug|Any CPU.Build.0 = Debug|Any CPU
		{107CB0CC-215C-FD71-8DF6-46B44BBCACB3}.Release|Any CPU.ActiveCfg = Release|Any CPU
		{107CB0CC-215C-FD71-8DF6-46B44BBCACB3}.Release|Any CPU.Build.0 = Release|Any CPU
		{51B6FA74-6CA5-4E2E-534F-20A84AEF7BDA}.Debug|Any CPU.ActiveCfg = Debug|Any CPU
		{51B6FA74-6CA5-4E2E-534F-20A84AEF7BDA}.Debug|Any CPU.Build.0 = Debug|Any CPU
		{51B6FA74-6CA5-4E2E-534F-20A84AEF7BDA}.Release|Any CPU.ActiveCfg = Release|Any CPU
		{51B6FA74-6CA5-4E2E-534F-20A84AEF7BDA}.Release|Any CPU.Build.0 = Release|Any CPU
		{D8930DB3-97E0-43B3-2297-186DD38BB49E}.Debug|Any CPU.ActiveCfg = Debug|Any CPU
		{D8930DB3-97E0-43B3-2297-186DD38BB49E}.Debug|Any CPU.Build.0 = Debug|Any CPU
		{D8930DB3-97E0-43B3-2297-186DD38BB49E}.Release|Any CPU.ActiveCfg = Release|Any CPU
		{D8930DB3-97E0-43B3-2297-186DD38BB49E}.Release|Any CPU.Build.0 = Release|Any CPU
	EndGlobalSection
	GlobalSection(SolutionProperties) = preSolution
		HideSolutionNode = FALSE
	EndGlobalSection
	GlobalSection(MonoDevelopProperties) = preSolution
		StartupItem = Assembly-CSharp.csproj
	EndGlobalSection
EndGlobal
